{
  "lockfile_version": "1",
  "packages": {
    "docker@latest": {
      "last_modified": "2025-12-29T16:45:58Z",
      "resolved": "github:NixOS/nixpkgs/346dd96ad74dc4457a9db9de4f4f57dab2e5731d#docker",
      "source": "devbox-search",
      "version": "29.1.3",
      "systems": {
        "aarch64-darwin": {
          "outputs": [
            {
              "name": "out",
              "path": "/nix/store/7d5bpjx5h22nd23j8y0yzr68znkl889i-docker-29.1.3",
              "default": true
            }
          ],
          "store_path": "/nix/store/7d5bpjx5h22nd23j8y0yzr68znkl889i-docker-29.1.3"
        },
        "aarch64-linux": {
          "outputs": [
            {
              "name": "out",
              "path": "/nix/store/fhl83dgfk5c9ali1bw7j53nxqldqgrdv-docker-29.1.3",
              "default": true
            }
          ],
          "store_path": "/nix/store/fhl83dgfk5c9ali1bw7j53nxqldqgrdv-docker-29.1.3"
        },
        "x86_64-darwin": {
          "outputs": [
            {
              "name": "out",
              "path": "/nix/store/pd1pycln6qcdb4ppiwkcaal39ms4psg7-docker-29.1.3",
              "default": true
            }
          ],
          "store_path": "/nix/store/pd1pycln6qcdb4ppiwkcaal39ms4psg7-docker-29.1.3"
        },
        "x86_64-linux": {
          "outputs": [
            {
              "name": "out",
              "path": "/nix/store/1q3si5qqkdk14qfn18sg7yzhz2rjlq0q-docker-29.1.3",
              "default": true
            }
          ],
          "store_path": "/nix/store/1q3si5qqkdk14qfn18sg7yzhz2rjlq0q-docker-29.1.3"
        }
      }
    },
    "ginkgo@latest": {
      "last_modified": "2025-12-11T04:04:52Z",
      "resolved": "github:NixOS/nixpkgs/5d6bdbddb4695a62f0d00a3620b37a15275a5093#ginkgo",
      "source": "devbox-search",
      "version": "2.27.3",
      "systems": {
        "aarch64-darwin": {
          "outputs": [
            {
              "name": "out",
              "path": "/nix/store/8415j6x8agqc7cb9hvf5yv5n7na8qph0-ginkgo-2.27.3",
              "default": true
            }
          ],
          "store_path": "/nix/store/8415j6x8agqc7cb9hvf5yv5n7na8qph0-ginkgo-2.27.3"
        },
        "aarch64-linux": {
          "outputs": [
            {
              "name": "out",
              "path": "/nix/store/f3c6jk2yanz3v33rx3hrb68xga4b9ryj-ginkgo-2.27.3",
              "default": true
            }
          ],
          "store_path": "/nix/store/f3c6jk2yanz3v33rx3hrb68xga4b9ryj-ginkgo-2.27.3"
        },
        "x86_64-darwin": {
          "outputs": [
            {
              "name": "out",
              "path": "/nix/store/gq773icqpff2rl396l24labqhaq8ddnh-ginkgo-2.27.3",
              "default": true
            }
          ],
          "store_path": "/nix/store/gq773icqpff2rl396l24labqhaq8ddnh-ginkgo-2.27.3"
        },
        "x86_64-linux": {
          "outputs": [
            {
              "name": "out",
              "path": "/nix/store/k9r6kyp0h8w4sgw1mqb2mpf9h65c7a4n-ginkgo-2.27.3",
              "default": true
            }
          ],
          "store_path": "/nix/store/k9r6kyp0h8w4sgw1mqb2mpf9h65c7a4n-ginkgo-2.27.3"
        }
      }
    },
    "git@latest": {
      "last_modified": "2025-12-26T11:10:58Z",
      "resolved": "github:NixOS/nixpkgs/c633f572eded8c4f3c75b8010129854ed404a6ce#git",
      "source": "devbox-search",
      "version": "2.51.2",
      "systems": {
        "aarch64-darwin": {
          "outputs": [
            {
              "name": "out",
              "path": "/nix/store/x34bh6s6ighg7lb74nkjbx3nx52zj0j9-git-2.51.2",
              "default": true
            },
            {
              "name": "doc",
              "path": "/nix/store/6wnscv0364r6430qmx33nn927dlw2vnf-git-2.51.2-doc"
            }
          ],
          "store_path": "/nix/store/x34bh6s6ighg7lb74nkjbx3nx52zj0j9-git-2.51.2"
        },
        "aarch64-linux": {
          "outputs": [
            {
              "name": "out",
              "path": "/nix/store/gzdcfmx2p9nvd4z21b6ns00cp4sv1d2h-git-2.51.2",
              "default": true
            },
            {
              "name": "debug",
              "path": "/nix/store/5l5ln59lpi4qv2qm59aqchlz32j9zcm9-git-2.51.2-debug"
            },
            {
              "name": "doc",
              "path": "/nix/store/w28mqxb1bd51f5rwh5127pvbp31lnqmv-git-2.51.2-doc"
            }
          ],
          "store_path": "/nix/store/gzdcfmx2p9nvd4z21b6ns00cp4sv1d2h-git-2.51.2"
        },
        "x86_64-darwin": {
          "outputs": [
            {
              "name": "out",
              "path": "/nix/store/zz5xiyzpnn06cdgw1xnlvs1sbly5247r-git-2.51.2",
              "default": true
            },
            {
              "name": "doc",
              "path": "/nix/store/vrisnm56c5v8mzbv55yrq28wgkvga8nm-git-2.51.2-doc"
            }
          ],
          "store_path": "/nix/store/zz5xiyzpnn06cdgw1xnlvs1sbly5247r-git-2.51.2"
        },
        "x86_64-linux": {
          "outputs": [
            {
              "name": "out",
              "path": "/nix/store/4qhdhmi7pzgad0zfd7c5lsg235mbf9hv-git-2.51.2",
              "default": true
            },
            {
              "name": "debug",
              "path": "/nix/store/pjr2vd588sxa47glfg0ky0df3vk79dcs-git-2.51.2-debug"
            },
            {
              "name": "doc",
              "path": "/nix/store/9k6ivrdddy9s3z1hiwgavl0kfr2czgav-git-2.51.2-doc"
            }
          ],
          "store_path": "/nix/store/4qhdhmi7pzgad0zfd7c5lsg235mbf9hv-git-2.51.2"
        }
      }
    },
    "github:NixOS/nixpkgs/nixpkgs-unstable": {
      "last_modified": "2026-01-02T14:39:32Z",
      "resolved": "github:NixOS/nixpkgs/16c7794d0a28b5a37904d55bcca36003b9109aaa?lastModified=1767364772&narHash=sha256-fFUnEYMla8b7UKjijLnMe%2BoVFOz6HjijGGNS1l7dYaQ%3D"
    },
    "go@latest": {
      "last_modified": "2025-11-23T21:50:36Z",
      "resolved": "github:NixOS/nixpkgs/ee09932cedcef15aaf476f9343d1dea2cb77e261#go",
      "source": "devbox-search",
      "version": "1.25.4",
      "systems": {
        "aarch64-darwin": {
          "outputs": [
            {
              "name": "out",
              "path": "/nix/store/52f5kjcmgmvgrz3rij676b3rjmgg5l5g-go-1.25.4",
              "default": true
            }
          ],
          "store_path": "/nix/store/52f5kjcmgmvgrz3rij676b3rjmgg5l5g-go-1.25.4"
        },
        "aarch64-linux": {
          "outputs": [
            {
              "name": "out",
              "path": "/nix/store/2ajrlmz1qdpm9k9ankhnp3973wxg1gqs-go-1.25.4",
              "default": true
            }
          ],
          "store_path": "/nix/store/2ajrlmz1qdpm9k9ankhnp3973wxg1gqs-go-1.25.4"
        },
        "x86_64-darwin": {
          "outputs": [
            {
              "name": "out",
              "path": "/nix/store/1rqpvp45rl4sr1l0czrlbmv8jqj9sa7r-go-1.25.4",
              "default": true
            }
          ],
          "store_path": "/nix/store/1rqpvp45rl4sr1l0czrlbmv8jqj9sa7r-go-1.25.4"
        },
        "x86_64-linux": {
          "outputs": [
            {
              "name": "out",
              "path": "/nix/store/0a3dyfq09dnkw28ap2i450wjimvdmv6s-go-1.25.4",
              "default": true
            }
          ],
          "store_path": "/nix/store/0a3dyfq09dnkw28ap2i450wjimvdmv6s-go-1.25.4"
        }
      }
    },
    "vendir@latest": {
      "last_modified": "2025-11-23T21:50:36Z",
      "resolved": "github:NixOS/nixpkgs/ee09932cedcef15aaf476f9343d1dea2cb77e261#vendir",
      "source": "devbox-search",
      "version": "0.45.0",
      "systems": {
        "aarch64-darwin": {
          "outputs": [
            {
              "name": "out",
              "path": "/nix/store/8b2zf0k82qga1ihq8qd5wbkglv2wak0a-vendir-0.45.0",
              "default": true
            }
          ],
          "store_path": "/nix/store/8b2zf0k82qga1ihq8qd5wbkglv2wak0a-vendir-0.45.0"
        },
        "aarch64-linux": {
          "outputs": [
            {
              "name": "out",
              "path": "/nix/store/y5bacmrnv5qcvwk7lqy62048s76jdrbv-vendir-0.45.0",
              "default": true
            }
          ],
          "store_path": "/nix/store/y5bacmrnv5qcvwk7lqy62048s76jdrbv-vendir-0.45.0"
        },
        "x86_64-darwin": {
          "outputs": [
            {
              "name": "out",
              "path": "/nix/store/blqp9hbyppywwrvd69h7jp573wa2ynxv-vendir-0.45.0",
              "default": true
            }
          ],
          "store_path": "/nix/store/blqp9hbyppywwrvd69h7jp573wa2ynxv-vendir-0.45.0"
        },
        "x86_64-linux": {
          "outputs": [
            {
              "name": "out",
              "path": "/nix/store/fw2wfl80ry7840103br1axh0c7x9x9wn-vendir-0.45.0",
              "default": true
            }
          ],
          "store_path": "/nix/store/fw2wfl80ry7840103br1axh0c7x9x9wn-vendir-0.45.0"
        }
      }
    }
  }
}
