{
  "lockfile_version": "1",
  "packages": {
    "ginkgo@latest": {
      "last_modified": "2025-11-23T21:50:36Z",
      "resolved": "github:NixOS/nixpkgs/ee09932cedcef15aaf476f9343d1dea2cb77e261#ginkgo",
      "source": "devbox-search",
      "version": "2.27.2",
      "systems": {
        "aarch64-darwin": {
          "outputs": [
            {
              "name": "out",
              "path": "/nix/store/l4lgnhd93gi83n3apjhcrfs7d41z0j7r-ginkgo-2.27.2",
              "default": true
            }
          ],
          "store_path": "/nix/store/l4lgnhd93gi83n3apjhcrfs7d41z0j7r-ginkgo-2.27.2"
        },
        "aarch64-linux": {
          "outputs": [
            {
              "name": "out",
              "path": "/nix/store/18pfnmrfn96bawbrvnv819ghgbsk9mj7-ginkgo-2.27.2",
              "default": true
            }
          ],
          "store_path": "/nix/store/18pfnmrfn96bawbrvnv819ghgbsk9mj7-ginkgo-2.27.2"
        },
        "x86_64-darwin": {
          "outputs": [
            {
              "name": "out",
              "path": "/nix/store/3482595n7jrzgh17pjw15bd81jmr385w-ginkgo-2.27.2",
              "default": true
            }
          ],
          "store_path": "/nix/store/3482595n7jrzgh17pjw15bd81jmr385w-ginkgo-2.27.2"
        },
        "x86_64-linux": {
          "outputs": [
            {
              "name": "out",
              "path": "/nix/store/1v7i68slr609lddwh3fbjgmm58znjx9g-ginkgo-2.27.2",
              "default": true
            }
          ],
          "store_path": "/nix/store/1v7i68slr609lddwh3fbjgmm58znjx9g-ginkgo-2.27.2"
        }
      }
    },
    "github-cli@latest": {
      "last_modified": "2023-02-24T09:01:09Z",
      "resolved": "github:NixOS/nixpkgs/7d0ed7f2e5aea07ab22ccb338d27fbe347ed2f11#github-cli",
      "source": "devbox-search",
      "version": "2.23.0"
    },
    "github:NixOS/nixpkgs/nixpkgs-unstable": {
      "last_modified": "2025-10-20T04:25:18Z",
      "resolved": "github:NixOS/nixpkgs/87848bf0cc4f87717fc813a4575f07330c3e743c?lastModified=1760934318&narHash=sha256-%2FoUYsC0lUCBory65VK%2BUHqCCsCspbL1Vgfcf1KUYqVw%3D"
    },
    "go@latest": {
      "last_modified": "2025-10-07T08:41:47Z",
      "resolved": "github:NixOS/nixpkgs/bce5fe2bb998488d8e7e7856315f90496723793c#go",
      "source": "devbox-search",
      "version": "1.25.1",
      "systems": {
        "aarch64-darwin": {
          "outputs": [
            {
              "name": "out",
              "path": "/nix/store/mkdfnr1nkfj2kznxyag9pypbxp3wqqdv-go-1.25.1",
              "default": true
            }
          ],
          "store_path": "/nix/store/mkdfnr1nkfj2kznxyag9pypbxp3wqqdv-go-1.25.1"
        },
        "aarch64-linux": {
          "outputs": [
            {
              "name": "out",
              "path": "/nix/store/0jzj8p7k9wkr4l17sgrlg3z5di27sggf-go-1.25.1",
              "default": true
            }
          ],
          "store_path": "/nix/store/0jzj8p7k9wkr4l17sgrlg3z5di27sggf-go-1.25.1"
        },
        "x86_64-darwin": {
          "outputs": [
            {
              "name": "out",
              "path": "/nix/store/q2xylk8h3kbfajhw2lpdmyzyyqgqx8fl-go-1.25.1",
              "default": true
            }
          ],
          "store_path": "/nix/store/q2xylk8h3kbfajhw2lpdmyzyyqgqx8fl-go-1.25.1"
        },
        "x86_64-linux": {
          "outputs": [
            {
              "name": "out",
              "path": "/nix/store/f01qkydd3c2jqwi4w6hkddkf3blp16kw-go-1.25.1",
              "default": true
            }
          ],
          "store_path": "/nix/store/f01qkydd3c2jqwi4w6hkddkf3blp16kw-go-1.25.1"
        }
      }
    },
    "vendir@latest": {
      "last_modified": "2025-10-07T08:41:47Z",
      "resolved": "github:NixOS/nixpkgs/bce5fe2bb998488d8e7e7856315f90496723793c#vendir",
      "source": "devbox-search",
      "version": "0.44.0",
      "systems": {
        "aarch64-darwin": {
          "outputs": [
            {
              "name": "out",
              "path": "/nix/store/57gxr1z53ncv7611am1izgl2vwa7ibrb-vendir-0.44.0",
              "default": true
            }
          ],
          "store_path": "/nix/store/57gxr1z53ncv7611am1izgl2vwa7ibrb-vendir-0.44.0"
        },
        "aarch64-linux": {
          "outputs": [
            {
              "name": "out",
              "path": "/nix/store/wlly6sah4p25da7z5a7w3zc75ayxw0lh-vendir-0.44.0",
              "default": true
            }
          ],
          "store_path": "/nix/store/wlly6sah4p25da7z5a7w3zc75ayxw0lh-vendir-0.44.0"
        },
        "x86_64-darwin": {
          "outputs": [
            {
              "name": "out",
              "path": "/nix/store/6vd9pjpl36yi9989clv800vhdcky65l3-vendir-0.44.0",
              "default": true
            }
          ],
          "store_path": "/nix/store/6vd9pjpl36yi9989clv800vhdcky65l3-vendir-0.44.0"
        },
        "x86_64-linux": {
          "outputs": [
            {
              "name": "out",
              "path": "/nix/store/6yf7q60wwxq3kzsbz32laa35wi5zwz3m-vendir-0.44.0",
              "default": true
            }
          ],
          "store_path": "/nix/store/6yf7q60wwxq3kzsbz32laa35wi5zwz3m-vendir-0.44.0"
        }
      }
    }
  }
}
