apiVersion: vendir.k14s.io/v1alpha1
directories:
- contents:
  - git:
      commitTitle: Bumping syslog to version 12.3.29
      sha: 4f7054feaf706229f8b8a92acbf48dbf53587129
      tags:
      - last-xenial-5345-g4f7054fe
    path: bosh-deployment
  - git:
      commitTitle: Use final release v1 from bosh.io
      sha: cc94cc31a02dbaeba2c70371fb14afe21be27ab4
    path: uaa-lite-release
  path: manifests
- contents:
  - git:
      commitTitle: Update cf-deployment manifest version to v60.5.0
      sha: 7e88eb5a089550363dc2d524413e63478f3d4479
      tags:
      - v60.5.0
    path: .
  path: internal/manifests/cf-deployment
- contents:
  - git:
      commitTitle: Bumping syslog to version 12.3.29
      sha: 4f7054feaf706229f8b8a92acbf48dbf53587129
      tags:
      - last-xenial-5345-g4f7054fe
    path: .
  path: internal/manifests/bosh-deployment
- contents:
  - git:
      commitTitle: 'Merge pull request #38 from rkoster/fix/nixery-container-compatibility...'
      sha: 245767218d085099b99fb3aa4fadb0579e703a55
    path: .
  path: .github/scripts/deskrun
kind: LockConfig
