apiVersion: vendir.k14s.io/v1alpha1
directories:
- contents:
  - git:
      commitTitle: Bumping credhub to version 2.15.15
      sha: e16e7a7667ab22534aa9ed8460991abd39abd17a
      tags:
      - last-xenial-5090-ge16e7a76
    path: bosh-deployment
  - git:
      commitTitle: Use final release v1 from bosh.io
      sha: cc94cc31a02dbaeba2c70371fb14afe21be27ab4
    path: uaa-lite-release
  path: manifests
- contents:
  - git:
      commitTitle: Update cf-deployment manifest version to v58.4.0
      sha: d473c0b76d970debd8d1c4ed1723693adce21223
      tags:
      - v58.4.0
    path: .
  path: internal/manifests/cf-deployment
- contents:
  - git:
      commitTitle: Bumping credhub to version 2.15.15
      sha: e16e7a7667ab22534aa9ed8460991abd39abd17a
      tags:
      - last-xenial-5090-ge16e7a76
    path: .
  path: internal/manifests/bosh-deployment
- contents:
  - git:
      commitTitle: 'Merge pull request #38 from rkoster/fix/nixery-container-compatibility...'
      sha: 245767218d085099b99fb3aa4fadb0579e703a55
    path: .
  path: .github/scripts/deskrun
kind: LockConfig
