apiVersion: vendir.k14s.io/v1alpha1
directories:
- contents:
  - git:
      commitTitle: Bumping credhub to version 2.15.10
      sha: dbcaee2db5d931af0600c88be5c880be671167b7
      tags:
      - last-xenial-4949-gdbcaee2d
    path: bosh-deployment
  - git:
      commitTitle: Use final release v1 from bosh.io
      sha: cc94cc31a02dbaeba2c70371fb14afe21be27ab4
    path: uaa-lite-release
  path: manifests
- contents:
  - git:
      commitTitle: Update cf-deployment manifest version to v57.3.0
      sha: 814b96e65c589dd3ca6c8561e24a6a74692ea00a
      tags:
      - v57.3.0
    path: .
  path: internal/manifests/cf-deployment
- contents:
  - git:
      commitTitle: Bumping credhub to version 2.15.10
      sha: dbcaee2db5d931af0600c88be5c880be671167b7
      tags:
      - last-xenial-4949-gdbcaee2d
    path: .
  path: internal/manifests/bosh-deployment
- contents:
  - git:
      commitTitle: 'Merge pull request #38 from rkoster/fix/nixery-container-compatibility...'
      sha: 245767218d085099b99fb3aa4fadb0579e703a55
    path: .
  path: .github/scripts/deskrun
kind: LockConfig
